{
  "requires": true,
  "lockfileVersion": 1,
  "dependencies": {
    "@angular/core": {
      "version": "18.0.6",
      "resolved": "https://registry.npmjs.org/@angular/core/-/core-18.0.6.tgz",
      "integrity": "sha512-a5ucQqCNI/6MzJl+r+NGvPqR/z44aVB1WttmZ/AbKIh2VIkEFp9VqOg+0HQnEItoMI8BnRbrsYHGp+D5Mtw8Jg==",
      "requires": {
        "tslib": "^2.3.0"
      }
    },
    "@angular/router": {
      "version": "18.0.6",
      "resolved": "https://registry.npmjs.org/@angular/router/-/router-18.0.6.tgz",
      "integrity": "sha512-0hPs0ZVIEuf7MZd6quRCBsXEBMQvh0QHCjlj/WrRB3LSHs616mi+olApQ1DvwNZBYXfI7/qW7TQyUyNbm+xkfg==",
      "requires": {
        "tslib": "^2.3.0"
      }
    },
    "@fortawesome/angular-fontawesome": {
      "version": "0.15.0",
      "resolved": "https://registry.npmjs.org/@fortawesome/angular-fontawesome/-/angular-fontawesome-0.15.0.tgz",
      "integrity": "sha512-oxmJDYGNSym5ycFR0LX4ZOPAU+wWmMAznYpkm5DNAtWWkhMLcrZl15eZQmVIEE+qruQ7JiVrg3tpo8bEkFlDgw==",
      "requires": {
        "@fortawesome/fontawesome-svg-core": "^6.5.2",
        "tslib": "^2.6.2"
      }
    },
    "@fortawesome/fontawesome-common-types": {
      "version": "6.6.0",
      "resolved": "https://registry.npmjs.org/@fortawesome/fontawesome-common-types/-/fontawesome-common-types-6.6.0.tgz",
      "integrity": "sha512-xyX0X9mc0kyz9plIyryrRbl7ngsA9jz77mCZJsUkLl+ZKs0KWObgaEBoSgQiYWAsSmjz/yjl0F++Got0Mdp4Rw=="
    },
    "@fortawesome/fontawesome-svg-core": {
      "version": "6.6.0",
      "resolved": "https://registry.npmjs.org/@fortawesome/fontawesome-svg-core/-/fontawesome-svg-core-6.6.0.tgz",
      "integrity": "sha512-KHwPkCk6oRT4HADE7smhfsKudt9N/9lm6EJ5BVg0tD1yPA5hht837fB87F8pn15D8JfTqQOjhKTktwmLMiD7Kg==",
      "requires": {
        "@fortawesome/fontawesome-common-types": "6.6.0"
      }
    },
    "@fortawesome/free-solid-svg-icons": {
      "version": "6.6.0",
      "resolved": "https://registry.npmjs.org/@fortawesome/free-solid-svg-icons/-/free-solid-svg-icons-6.6.0.tgz",
      "integrity": "sha512-IYv/2skhEDFc2WGUcqvFJkeK39Q+HyPf5GHUrT/l2pKbtgEIv1al1TKd6qStR5OIwQdN1GZP54ci3y4mroJWjA==",
      "requires": {
        "@fortawesome/fontawesome-common-types": "6.6.0"
      }
    },
    "tslib": {
      "version": "2.8.1",
      "resolved": "https://registry.npmjs.org/tslib/-/tslib-2.8.1.tgz",
      "integrity": "sha512-oJFu94HQb+KVduSUQL7wnpmqnfmLsOA/nAh6b6EH0wCEoK0/mPeXU6c3wKDV83MkOuHPRHtSXKKU99IBazS/2w=="
    }
  }
}
